// !$*UTF8*$!
{
	archiveVersion = 1;
	classes = {
	};
	objectVersion = 46;
	objects = {

/* Begin PBXBuildFile section */
		OBJ_38 /* DataInStream.swift in Sources */ = {isa = PBXBuildFile; fileRef = OBJ_9 /* DataInStream.swift */; };
		OBJ_45 /* DataBuffer.swift in Sources */ = {isa = PBXBuildFile; fileRef = OBJ_11 /* DataBuffer.swift */; };
		OBJ_52 /* Client.swift in Sources */ = {isa = PBXBuildFile; fileRef = OBJ_13 /* Client.swift */; };
		OBJ_53 /* Server.swift in Sources */ = {isa = PBXBuildFile; fileRef = OBJ_14 /* Server.swift */; };
		OBJ_60 /* StdSocket.swift in Sources */ = {isa = PBXBuildFile; fileRef = OBJ_16 /* StdSocket.swift */; };
		OBJ_61 /* StdSocketAddress.swift in Sources */ = {isa = PBXBuildFile; fileRef = OBJ_17 /* StdSocketAddress.swift */; };
		OBJ_62 /* StdSocketConfig.swift in Sources */ = {isa = PBXBuildFile; fileRef = OBJ_18 /* StdSocketConfig.swift */; };
		OBJ_63 /* StdSocketFileDescription.swift in Sources */ = {isa = PBXBuildFile; fileRef = OBJ_19 /* StdSocketFileDescription.swift */; };
		OBJ_70 /* StdClientServer.swift in Sources */ = {isa = PBXBuildFile; fileRef = OBJ_21 /* StdClientServer.swift */; };
		OBJ_71 /* StdServer.swift in Sources */ = {isa = PBXBuildFile; fileRef = OBJ_22 /* StdServer.swift */; };
		OBJ_73 /* DataBuffer.framework in Frameworks */ = {isa = PBXBuildFile; fileRef = OBJ_28 /* DataBuffer.framework */; };
		OBJ_74 /* DataStream.framework in Frameworks */ = {isa = PBXBuildFile; fileRef = OBJ_27 /* DataStream.framework */; };
		OBJ_75 /* Server.framework in Frameworks */ = {isa = PBXBuildFile; fileRef = OBJ_29 /* Server.framework */; };
		OBJ_76 /* StdSocket.framework in Frameworks */ = {isa = PBXBuildFile; fileRef = OBJ_30 /* StdSocket.framework */; };
		OBJ_86 /* StdServerTests.swift in Sources */ = {isa = PBXBuildFile; fileRef = OBJ_25 /* StdServerTests.swift */; };
		OBJ_88 /* DataBuffer.framework in Frameworks */ = {isa = PBXBuildFile; fileRef = OBJ_28 /* DataBuffer.framework */; };
		OBJ_89 /* DataStream.framework in Frameworks */ = {isa = PBXBuildFile; fileRef = OBJ_27 /* DataStream.framework */; };
		OBJ_90 /* Server.framework in Frameworks */ = {isa = PBXBuildFile; fileRef = OBJ_29 /* Server.framework */; };
		OBJ_91 /* StdSocket.framework in Frameworks */ = {isa = PBXBuildFile; fileRef = OBJ_30 /* StdSocket.framework */; };
		OBJ_92 /* StdServer.framework in Frameworks */ = {isa = PBXBuildFile; fileRef = OBJ_31 /* StdServer.framework */; };
/* End PBXBuildFile section */

/* Begin PBXContainerItemProxy section */
		01A4DB091F2EA79A0020978C /* PBXContainerItemProxy */ = {
			isa = PBXContainerItemProxy;
			containerPortal = OBJ_1 /* Project object */;
			proxyType = 1;
			remoteGlobalIDString = OBJ_40;
			remoteInfo = DataBuffer;
		};
		01A4DB0A1F2EA79A0020978C /* PBXContainerItemProxy */ = {
			isa = PBXContainerItemProxy;
			containerPortal = OBJ_1 /* Project object */;
			proxyType = 1;
			remoteGlobalIDString = OBJ_33;
			remoteInfo = DataStream;
		};
		01A4DB0B1F2EA79A0020978C /* PBXContainerItemProxy */ = {
			isa = PBXContainerItemProxy;
			containerPortal = OBJ_1 /* Project object */;
			proxyType = 1;
			remoteGlobalIDString = OBJ_47;
			remoteInfo = Server;
		};
		01A4DB0C1F2EA79A0020978C /* PBXContainerItemProxy */ = {
			isa = PBXContainerItemProxy;
			containerPortal = OBJ_1 /* Project object */;
			proxyType = 1;
			remoteGlobalIDString = OBJ_55;
			remoteInfo = StdSocket;
		};
		01A4DB0D1F2EA79A0020978C /* PBXContainerItemProxy */ = {
			isa = PBXContainerItemProxy;
			containerPortal = OBJ_1 /* Project object */;
			proxyType = 1;
			remoteGlobalIDString = OBJ_40;
			remoteInfo = DataBuffer;
		};
		01A4DB0E1F2EA79A0020978C /* PBXContainerItemProxy */ = {
			isa = PBXContainerItemProxy;
			containerPortal = OBJ_1 /* Project object */;
			proxyType = 1;
			remoteGlobalIDString = OBJ_33;
			remoteInfo = DataStream;
		};
		01A4DB0F1F2EA79A0020978C /* PBXContainerItemProxy */ = {
			isa = PBXContainerItemProxy;
			containerPortal = OBJ_1 /* Project object */;
			proxyType = 1;
			remoteGlobalIDString = OBJ_47;
			remoteInfo = Server;
		};
		01A4DB101F2EA79A0020978C /* PBXContainerItemProxy */ = {
			isa = PBXContainerItemProxy;
			containerPortal = OBJ_1 /* Project object */;
			proxyType = 1;
			remoteGlobalIDString = OBJ_55;
			remoteInfo = StdSocket;
		};
		01A4DB111F2EA79A0020978C /* PBXContainerItemProxy */ = {
			isa = PBXContainerItemProxy;
			containerPortal = OBJ_1 /* Project object */;
			proxyType = 1;
			remoteGlobalIDString = OBJ_65;
			remoteInfo = StdServer;
		};
/* End PBXContainerItemProxy section */

/* Begin PBXFileReference section */
		OBJ_11 /* DataBuffer.swift */ = {isa = PBXFileReference; lastKnownFileType = sourcecode.swift; path = DataBuffer.swift; sourceTree = "<group>"; };
		OBJ_13 /* Client.swift */ = {isa = PBXFileReference; lastKnownFileType = sourcecode.swift; path = Client.swift; sourceTree = "<group>"; };
		OBJ_14 /* Server.swift */ = {isa = PBXFileReference; lastKnownFileType = sourcecode.swift; path = Server.swift; sourceTree = "<group>"; };
		OBJ_16 /* StdSocket.swift */ = {isa = PBXFileReference; lastKnownFileType = sourcecode.swift; path = StdSocket.swift; sourceTree = "<group>"; };
		OBJ_17 /* StdSocketAddress.swift */ = {isa = PBXFileReference; lastKnownFileType = sourcecode.swift; path = StdSocketAddress.swift; sourceTree = "<group>"; };
		OBJ_18 /* StdSocketConfig.swift */ = {isa = PBXFileReference; lastKnownFileType = sourcecode.swift; path = StdSocketConfig.swift; sourceTree = "<group>"; };
		OBJ_19 /* StdSocketFileDescription.swift */ = {isa = PBXFileReference; lastKnownFileType = sourcecode.swift; path = StdSocketFileDescription.swift; sourceTree = "<group>"; };
		OBJ_21 /* StdClientServer.swift */ = {isa = PBXFileReference; lastKnownFileType = sourcecode.swift; path = StdClientServer.swift; sourceTree = "<group>"; };
		OBJ_22 /* StdServer.swift */ = {isa = PBXFileReference; lastKnownFileType = sourcecode.swift; path = StdServer.swift; sourceTree = "<group>"; };
		OBJ_25 /* StdServerTests.swift */ = {isa = PBXFileReference; lastKnownFileType = sourcecode.swift; path = StdServerTests.swift; sourceTree = "<group>"; };
		OBJ_27 /* DataStream.framework */ = {isa = PBXFileReference; explicitFileType = wrapper.framework; path = DataStream.framework; sourceTree = BUILT_PRODUCTS_DIR; };
		OBJ_28 /* DataBuffer.framework */ = {isa = PBXFileReference; explicitFileType = wrapper.framework; path = DataBuffer.framework; sourceTree = BUILT_PRODUCTS_DIR; };
		OBJ_29 /* Server.framework */ = {isa = PBXFileReference; explicitFileType = wrapper.framework; path = Server.framework; sourceTree = BUILT_PRODUCTS_DIR; };
		OBJ_30 /* StdSocket.framework */ = {isa = PBXFileReference; explicitFileType = wrapper.framework; path = StdSocket.framework; sourceTree = BUILT_PRODUCTS_DIR; };
		OBJ_31 /* StdServer.framework */ = {isa = PBXFileReference; explicitFileType = wrapper.framework; path = StdServer.framework; sourceTree = BUILT_PRODUCTS_DIR; };
		OBJ_32 /* StdServerTests.xctest */ = {isa = PBXFileReference; lastKnownFileType = file; path = StdServerTests.xctest; sourceTree = BUILT_PRODUCTS_DIR; };
		OBJ_6 /* Package.swift */ = {isa = PBXFileReference; explicitFileType = sourcecode.swift; path = Package.swift; sourceTree = "<group>"; };
		OBJ_9 /* DataInStream.swift */ = {isa = PBXFileReference; lastKnownFileType = sourcecode.swift; path = DataInStream.swift; sourceTree = "<group>"; };
/* End PBXFileReference section */

/* Begin PBXFrameworksBuildPhase section */
		OBJ_39 /* Frameworks */ = {
			isa = PBXFrameworksBuildPhase;
			buildActionMask = 0;
			files = (
			);
			runOnlyForDeploymentPostprocessing = 0;
		};
		OBJ_46 /* Frameworks */ = {
			isa = PBXFrameworksBuildPhase;
			buildActionMask = 0;
			files = (
			);
			runOnlyForDeploymentPostprocessing = 0;
		};
		OBJ_54 /* Frameworks */ = {
			isa = PBXFrameworksBuildPhase;
			buildActionMask = 0;
			files = (
			);
			runOnlyForDeploymentPostprocessing = 0;
		};
		OBJ_64 /* Frameworks */ = {
			isa = PBXFrameworksBuildPhase;
			buildActionMask = 0;
			files = (
			);
			runOnlyForDeploymentPostprocessing = 0;
		};
		OBJ_72 /* Frameworks */ = {
			isa = PBXFrameworksBuildPhase;
			buildActionMask = 0;
			files = (
				OBJ_73 /* DataBuffer.framework in Frameworks */,
				OBJ_74 /* DataStream.framework in Frameworks */,
				OBJ_75 /* Server.framework in Frameworks */,
				OBJ_76 /* StdSocket.framework in Frameworks */,
			);
			runOnlyForDeploymentPostprocessing = 0;
		};
		OBJ_87 /* Frameworks */ = {
			isa = PBXFrameworksBuildPhase;
			buildActionMask = 0;
			files = (
				OBJ_88 /* DataBuffer.framework in Frameworks */,
				OBJ_89 /* DataStream.framework in Frameworks */,
				OBJ_90 /* Server.framework in Frameworks */,
				OBJ_91 /* StdSocket.framework in Frameworks */,
				OBJ_92 /* StdServer.framework in Frameworks */,
			);
			runOnlyForDeploymentPostprocessing = 0;
		};
/* End PBXFrameworksBuildPhase section */

/* Begin PBXGroup section */
		OBJ_10 /* DataBuffer */ = {
			isa = PBXGroup;
			children = (
				OBJ_11 /* DataBuffer.swift */,
			);
			name = DataBuffer;
			path = Sources/DataBuffer;
			sourceTree = SOURCE_ROOT;
		};
		OBJ_12 /* Server */ = {
			isa = PBXGroup;
			children = (
				OBJ_13 /* Client.swift */,
				OBJ_14 /* Server.swift */,
			);
			name = Server;
			path = Sources/Server;
			sourceTree = SOURCE_ROOT;
		};
		OBJ_15 /* StdSocket */ = {
			isa = PBXGroup;
			children = (
				OBJ_16 /* StdSocket.swift */,
				OBJ_17 /* StdSocketAddress.swift */,
				OBJ_18 /* StdSocketConfig.swift */,
				OBJ_19 /* StdSocketFileDescription.swift */,
			);
			name = StdSocket;
			path = Sources/StdSocket;
			sourceTree = SOURCE_ROOT;
		};
		OBJ_20 /* StdServer */ = {
			isa = PBXGroup;
			children = (
				OBJ_21 /* StdClientServer.swift */,
				OBJ_22 /* StdServer.swift */,
			);
			name = StdServer;
			path = Sources/StdServer;
			sourceTree = SOURCE_ROOT;
		};
		OBJ_23 /* Tests */ = {
			isa = PBXGroup;
			children = (
				OBJ_24 /* StdServerTests */,
			);
			name = Tests;
			sourceTree = SOURCE_ROOT;
		};
		OBJ_24 /* StdServerTests */ = {
			isa = PBXGroup;
			children = (
				OBJ_25 /* StdServerTests.swift */,
			);
			name = StdServerTests;
			path = Tests/StdServerTests;
			sourceTree = SOURCE_ROOT;
		};
		OBJ_26 /* Products */ = {
			isa = PBXGroup;
			children = (
				OBJ_27 /* DataStream.framework */,
				OBJ_28 /* DataBuffer.framework */,
				OBJ_29 /* Server.framework */,
				OBJ_30 /* StdSocket.framework */,
				OBJ_31 /* StdServer.framework */,
				OBJ_32 /* StdServerTests.xctest */,
			);
			name = Products;
			sourceTree = BUILT_PRODUCTS_DIR;
		};
		OBJ_5 /*  */ = {
			isa = PBXGroup;
			children = (
				OBJ_6 /* Package.swift */,
				OBJ_7 /* Sources */,
				OBJ_23 /* Tests */,
				OBJ_26 /* Products */,
			);
			name = "";
			sourceTree = "<group>";
		};
		OBJ_7 /* Sources */ = {
			isa = PBXGroup;
			children = (
				OBJ_8 /* DataStream */,
				OBJ_10 /* DataBuffer */,
				OBJ_12 /* Server */,
				OBJ_15 /* StdSocket */,
				OBJ_20 /* StdServer */,
			);
			name = Sources;
			sourceTree = SOURCE_ROOT;
		};
		OBJ_8 /* DataStream */ = {
			isa = PBXGroup;
			children = (
				OBJ_9 /* DataInStream.swift */,
			);
			name = DataStream;
			path = Sources/DataStream;
			sourceTree = SOURCE_ROOT;
		};
/* End PBXGroup section */

/* Begin PBXNativeTarget section */
		OBJ_33 /* DataStream */ = {
			isa = PBXNativeTarget;
			buildConfigurationList = OBJ_34 /* Build configuration list for PBXNativeTarget "DataStream" */;
			buildPhases = (
				OBJ_37 /* Sources */,
				OBJ_39 /* Frameworks */,
			);
			buildRules = (
			);
			dependencies = (
			);
			name = DataStream;
			productName = DataStream;
			productReference = OBJ_27 /* DataStream.framework */;
			productType = "com.apple.product-type.framework";
		};
		OBJ_40 /* DataBuffer */ = {
			isa = PBXNativeTarget;
			buildConfigurationList = OBJ_41 /* Build configuration list for PBXNativeTarget "DataBuffer" */;
			buildPhases = (
				OBJ_44 /* Sources */,
				OBJ_46 /* Frameworks */,
			);
			buildRules = (
			);
			dependencies = (
			);
			name = DataBuffer;
			productName = DataBuffer;
			productReference = OBJ_28 /* DataBuffer.framework */;
			productType = "com.apple.product-type.framework";
		};
		OBJ_47 /* Server */ = {
			isa = PBXNativeTarget;
			buildConfigurationList = OBJ_48 /* Build configuration list for PBXNativeTarget "Server" */;
			buildPhases = (
				OBJ_51 /* Sources */,
				OBJ_54 /* Frameworks */,
			);
			buildRules = (
			);
			dependencies = (
			);
			name = Server;
			productName = Server;
			productReference = OBJ_29 /* Server.framework */;
			productType = "com.apple.product-type.framework";
		};
		OBJ_55 /* StdSocket */ = {
			isa = PBXNativeTarget;
			buildConfigurationList = OBJ_56 /* Build configuration list for PBXNativeTarget "StdSocket" */;
			buildPhases = (
				OBJ_59 /* Sources */,
				OBJ_64 /* Frameworks */,
			);
			buildRules = (
			);
			dependencies = (
			);
			name = StdSocket;
			productName = StdSocket;
			productReference = OBJ_30 /* StdSocket.framework */;
			productType = "com.apple.product-type.framework";
		};
		OBJ_65 /* StdServer */ = {
			isa = PBXNativeTarget;
			buildConfigurationList = OBJ_66 /* Build configuration list for PBXNativeTarget "StdServer" */;
			buildPhases = (
				OBJ_69 /* Sources */,
				OBJ_72 /* Frameworks */,
			);
			buildRules = (
			);
			dependencies = (
				OBJ_77 /* PBXTargetDependency */,
				OBJ_78 /* PBXTargetDependency */,
				OBJ_79 /* PBXTargetDependency */,
				OBJ_80 /* PBXTargetDependency */,
			);
			name = StdServer;
			productName = StdServer;
			productReference = OBJ_31 /* StdServer.framework */;
			productType = "com.apple.product-type.framework";
		};
		OBJ_81 /* StdServerTests */ = {
			isa = PBXNativeTarget;
			buildConfigurationList = OBJ_82 /* Build configuration list for PBXNativeTarget "StdServerTests" */;
			buildPhases = (
				OBJ_85 /* Sources */,
				OBJ_87 /* Frameworks */,
			);
			buildRules = (
			);
			dependencies = (
				OBJ_93 /* PBXTargetDependency */,
				OBJ_94 /* PBXTargetDependency */,
				OBJ_95 /* PBXTargetDependency */,
				OBJ_96 /* PBXTargetDependency */,
				OBJ_97 /* PBXTargetDependency */,
			);
			name = StdServerTests;
			productName = StdServerTests;
			productReference = OBJ_32 /* StdServerTests.xctest */;
			productType = "com.apple.product-type.bundle.unit-test";
		};
/* End PBXNativeTarget section */

/* Begin PBXProject section */
		OBJ_1 /* Project object */ = {
			isa = PBXProject;
			attributes = {
				LastUpgradeCheck = 9999;
			};
			buildConfigurationList = OBJ_2 /* Build configuration list for PBXProject "StdServer" */;
			compatibilityVersion = "Xcode 3.2";
			developmentRegion = English;
			hasScannedForEncodings = 0;
			knownRegions = (
				en,
			);
			mainGroup = OBJ_5 /*  */;
			productRefGroup = OBJ_26 /* Products */;
			projectDirPath = "";
			projectRoot = "";
			targets = (
				OBJ_33 /* DataStream */,
				OBJ_40 /* DataBuffer */,
				OBJ_47 /* Server */,
				OBJ_55 /* StdSocket */,
				OBJ_65 /* StdServer */,
				OBJ_81 /* StdServerTests */,
			);
		};
/* End PBXProject section */

/* Begin PBXSourcesBuildPhase section */
		OBJ_37 /* Sources */ = {
			isa = PBXSourcesBuildPhase;
			buildActionMask = 0;
			files = (
				OBJ_38 /* DataInStream.swift in Sources */,
			);
			runOnlyForDeploymentPostprocessing = 0;
		};
		OBJ_44 /* Sources */ = {
			isa = PBXSourcesBuildPhase;
			buildActionMask = 0;
			files = (
				OBJ_45 /* DataBuffer.swift in Sources */,
			);
			runOnlyForDeploymentPostprocessing = 0;
		};
		OBJ_51 /* Sources */ = {
			isa = PBXSourcesBuildPhase;
			buildActionMask = 0;
			files = (
				OBJ_52 /* Client.swift in Sources */,
				OBJ_53 /* Server.swift in Sources */,
			);
			runOnlyForDeploymentPostprocessing = 0;
		};
		OBJ_59 /* Sources */ = {
			isa = PBXSourcesBuildPhase;
			buildActionMask = 0;
			files = (
				OBJ_60 /* StdSocket.swift in Sources */,
				OBJ_61 /* StdSocketAddress.swift in Sources */,
				OBJ_62 /* StdSocketConfig.swift in Sources */,
				OBJ_63 /* StdSocketFileDescription.swift in Sources */,
			);
			runOnlyForDeploymentPostprocessing = 0;
		};
		OBJ_69 /* Sources */ = {
			isa = PBXSourcesBuildPhase;
			buildActionMask = 0;
			files = (
				OBJ_70 /* StdClientServer.swift in Sources */,
				OBJ_71 /* StdServer.swift in Sources */,
			);
			runOnlyForDeploymentPostprocessing = 0;
		};
		OBJ_85 /* Sources */ = {
			isa = PBXSourcesBuildPhase;
			buildActionMask = 0;
			files = (
				OBJ_86 /* StdServerTests.swift in Sources */,
			);
			runOnlyForDeploymentPostprocessing = 0;
		};
/* End PBXSourcesBuildPhase section */

/* Begin PBXTargetDependency section */
		OBJ_77 /* PBXTargetDependency */ = {
			isa = PBXTargetDependency;
			target = OBJ_40 /* DataBuffer */;
			targetProxy = 01A4DB091F2EA79A0020978C /* PBXContainerItemProxy */;
		};
		OBJ_78 /* PBXTargetDependency */ = {
			isa = PBXTargetDependency;
			target = OBJ_33 /* DataStream */;
			targetProxy = 01A4DB0A1F2EA79A0020978C /* PBXContainerItemProxy */;
		};
		OBJ_79 /* PBXTargetDependency */ = {
			isa = PBXTargetDependency;
			target = OBJ_47 /* Server */;
			targetProxy = 01A4DB0B1F2EA79A0020978C /* PBXContainerItemProxy */;
		};
		OBJ_80 /* PBXTargetDependency */ = {
			isa = PBXTargetDependency;
			target = OBJ_55 /* StdSocket */;
			targetProxy = 01A4DB0C1F2EA79A0020978C /* PBXContainerItemProxy */;
		};
		OBJ_93 /* PBXTargetDependency */ = {
			isa = PBXTargetDependency;
			target = OBJ_40 /* DataBuffer */;
			targetProxy = 01A4DB0D1F2EA79A0020978C /* PBXContainerItemProxy */;
		};
		OBJ_94 /* PBXTargetDependency */ = {
			isa = PBXTargetDependency;
			target = OBJ_33 /* DataStream */;
			targetProxy = 01A4DB0E1F2EA79A0020978C /* PBXContainerItemProxy */;
		};
		OBJ_95 /* PBXTargetDependency */ = {
			isa = PBXTargetDependency;
			target = OBJ_47 /* Server */;
			targetProxy = 01A4DB0F1F2EA79A0020978C /* PBXContainerItemProxy */;
		};
		OBJ_96 /* PBXTargetDependency */ = {
			isa = PBXTargetDependency;
			target = OBJ_55 /* StdSocket */;
			targetProxy = 01A4DB101F2EA79A0020978C /* PBXContainerItemProxy */;
		};
		OBJ_97 /* PBXTargetDependency */ = {
			isa = PBXTargetDependency;
			target = OBJ_65 /* StdServer */;
			targetProxy = 01A4DB111F2EA79A0020978C /* PBXContainerItemProxy */;
		};
/* End PBXTargetDependency section */

/* Begin XCBuildConfiguration section */
		OBJ_3 /* Debug */ = {
			isa = XCBuildConfiguration;
			buildSettings = {
				CLANG_ENABLE_OBJC_ARC = YES;
				COMBINE_HIDPI_IMAGES = YES;
				COPY_PHASE_STRIP = NO;
				DEBUG_INFORMATION_FORMAT = dwarf;
				DYLIB_INSTALL_NAME_BASE = "@rpath";
				ENABLE_NS_ASSERTIONS = YES;
				GCC_OPTIMIZATION_LEVEL = 0;
				MACOSX_DEPLOYMENT_TARGET = 10.10;
				ONLY_ACTIVE_ARCH = YES;
				OTHER_SWIFT_FLAGS = "-DXcode";
				PRODUCT_NAME = "$(TARGET_NAME)";
				SDKROOT = macosx;
				SUPPORTED_PLATFORMS = "macosx iphoneos iphonesimulator appletvos appletvsimulator watchos watchsimulator";
				SWIFT_ACTIVE_COMPILATION_CONDITIONS = SWIFT_PACKAGE;
				SWIFT_OPTIMIZATION_LEVEL = "-Onone";
				SWIFT_VERSION = 3.0;
				USE_HEADERMAP = NO;
			};
			name = Debug;
		};
		OBJ_35 /* Debug */ = {
			isa = XCBuildConfiguration;
			buildSettings = {
				ENABLE_TESTABILITY = YES;
				FRAMEWORK_SEARCH_PATHS = (
					"$(inherited)",
					"$(PLATFORM_DIR)/Developer/Library/Frameworks",
				);
				HEADER_SEARCH_PATHS = "$(inherited)";
				INFOPLIST_FILE = StdServer.xcodeproj/DataStream_Info.plist;
				LD_RUNPATH_SEARCH_PATHS = "$(TOOLCHAIN_DIR)/usr/lib/swift/macosx";
				OTHER_LDFLAGS = "$(inherited)";
				OTHER_SWIFT_FLAGS = "$(inherited)";
				PRODUCT_BUNDLE_IDENTIFIER = DataStream;
				PRODUCT_MODULE_NAME = "$(TARGET_NAME:c99extidentifier)";
				PRODUCT_NAME = "$(TARGET_NAME:c99extidentifier)";
				SKIP_INSTALL = YES;
				TARGET_NAME = DataStream;
			};
			name = Debug;
		};
		OBJ_36 /* Release */ = {
			isa = XCBuildConfiguration;
			buildSettings = {
				ENABLE_TESTABILITY = YES;
				FRAMEWORK_SEARCH_PATHS = (
					"$(inherited)",
					"$(PLATFORM_DIR)/Developer/Library/Frameworks",
				);
				HEADER_SEARCH_PATHS = "$(inherited)";
				INFOPLIST_FILE = StdServer.xcodeproj/DataStream_Info.plist;
				LD_RUNPATH_SEARCH_PATHS = "$(TOOLCHAIN_DIR)/usr/lib/swift/macosx";
				OTHER_LDFLAGS = "$(inherited)";
				OTHER_SWIFT_FLAGS = "$(inherited)";
				PRODUCT_BUNDLE_IDENTIFIER = DataStream;
				PRODUCT_MODULE_NAME = "$(TARGET_NAME:c99extidentifier)";
				PRODUCT_NAME = "$(TARGET_NAME:c99extidentifier)";
				SKIP_INSTALL = YES;
				TARGET_NAME = DataStream;
			};
			name = Release;
		};
		OBJ_4 /* Release */ = {
			isa = XCBuildConfiguration;
			buildSettings = {
				CLANG_ENABLE_OBJC_ARC = YES;
				COMBINE_HIDPI_IMAGES = YES;
				COPY_PHASE_STRIP = YES;
				DEBUG_INFORMATION_FORMAT = "dwarf-with-dsym";
				DYLIB_INSTALL_NAME_BASE = "@rpath";
				GCC_OPTIMIZATION_LEVEL = s;
				MACOSX_DEPLOYMENT_TARGET = 10.10;
				OTHER_SWIFT_FLAGS = "-DXcode";
				PRODUCT_NAME = "$(TARGET_NAME)";
				SDKROOT = macosx;
				SUPPORTED_PLATFORMS = "macosx iphoneos iphonesimulator appletvos appletvsimulator watchos watchsimulator";
				SWIFT_ACTIVE_COMPILATION_CONDITIONS = SWIFT_PACKAGE;
				SWIFT_OPTIMIZATION_LEVEL = "-Owholemodule";
				SWIFT_VERSION = 3.0;
				USE_HEADERMAP = NO;
			};
			name = Release;
		};
		OBJ_42 /* Debug */ = {
			isa = XCBuildConfiguration;
			buildSettings = {
				ENABLE_TESTABILITY = YES;
				FRAMEWORK_SEARCH_PATHS = (
					"$(inherited)",
					"$(PLATFORM_DIR)/Developer/Library/Frameworks",
				);
				HEADER_SEARCH_PATHS = "$(inherited)";
				INFOPLIST_FILE = StdServer.xcodeproj/DataBuffer_Info.plist;
				LD_RUNPATH_SEARCH_PATHS = "$(TOOLCHAIN_DIR)/usr/lib/swift/macosx";
				OTHER_LDFLAGS = "$(inherited)";
				OTHER_SWIFT_FLAGS = "$(inherited)";
				PRODUCT_BUNDLE_IDENTIFIER = DataBuffer;
				PRODUCT_MODULE_NAME = "$(TARGET_NAME:c99extidentifier)";
				PRODUCT_NAME = "$(TARGET_NAME:c99extidentifier)";
				SKIP_INSTALL = YES;
				TARGET_NAME = DataBuffer;
			};
			name = Debug;
		};
		OBJ_43 /* Release */ = {
			isa = XCBuildConfiguration;
			buildSettings = {
				ENABLE_TESTABILITY = YES;
				FRAMEWORK_SEARCH_PATHS = (
					"$(inherited)",
					"$(PLATFORM_DIR)/Developer/Library/Frameworks",
				);
				HEADER_SEARCH_PATHS = "$(inherited)";
				INFOPLIST_FILE = StdServer.xcodeproj/DataBuffer_Info.plist;
				LD_RUNPATH_SEARCH_PATHS = "$(TOOLCHAIN_DIR)/usr/lib/swift/macosx";
				OTHER_LDFLAGS = "$(inherited)";
				OTHER_SWIFT_FLAGS = "$(inherited)";
				PRODUCT_BUNDLE_IDENTIFIER = DataBuffer;
				PRODUCT_MODULE_NAME = "$(TARGET_NAME:c99extidentifier)";
				PRODUCT_NAME = "$(TARGET_NAME:c99extidentifier)";
				SKIP_INSTALL = YES;
				TARGET_NAME = DataBuffer;
			};
			name = Release;
		};
		OBJ_49 /* Debug */ = {
			isa = XCBuildConfiguration;
			buildSettings = {
				ENABLE_TESTABILITY = YES;
				FRAMEWORK_SEARCH_PATHS = (
					"$(inherited)",
					"$(PLATFORM_DIR)/Developer/Library/Frameworks",
				);
				HEADER_SEARCH_PATHS = "$(inherited)";
				INFOPLIST_FILE = StdServer.xcodeproj/Server_Info.plist;
				LD_RUNPATH_SEARCH_PATHS = "$(TOOLCHAIN_DIR)/usr/lib/swift/macosx";
				OTHER_LDFLAGS = "$(inherited)";
				OTHER_SWIFT_FLAGS = "$(inherited)";
				PRODUCT_BUNDLE_IDENTIFIER = Server;
				PRODUCT_MODULE_NAME = "$(TARGET_NAME:c99extidentifier)";
				PRODUCT_NAME = "$(TARGET_NAME:c99extidentifier)";
				SKIP_INSTALL = YES;
				TARGET_NAME = Server;
			};
			name = Debug;
		};
		OBJ_50 /* Release */ = {
			isa = XCBuildConfiguration;
			buildSettings = {
				ENABLE_TESTABILITY = YES;
				FRAMEWORK_SEARCH_PATHS = (
					"$(inherited)",
					"$(PLATFORM_DIR)/Developer/Library/Frameworks",
				);
				HEADER_SEARCH_PATHS = "$(inherited)";
				INFOPLIST_FILE = StdServer.xcodeproj/Server_Info.plist;
				LD_RUNPATH_SEARCH_PATHS = "$(TOOLCHAIN_DIR)/usr/lib/swift/macosx";
				OTHER_LDFLAGS = "$(inherited)";
				OTHER_SWIFT_FLAGS = "$(inherited)";
				PRODUCT_BUNDLE_IDENTIFIER = Server;
				PRODUCT_MODULE_NAME = "$(TARGET_NAME:c99extidentifier)";
				PRODUCT_NAME = "$(TARGET_NAME:c99extidentifier)";
				SKIP_INSTALL = YES;
				TARGET_NAME = Server;
			};
			name = Release;
		};
		OBJ_57 /* Debug */ = {
			isa = XCBuildConfiguration;
			buildSettings = {
				ENABLE_TESTABILITY = YES;
				FRAMEWORK_SEARCH_PATHS = (
					"$(inherited)",
					"$(PLATFORM_DIR)/Developer/Library/Frameworks",
				);
				HEADER_SEARCH_PATHS = "$(inherited)";
				INFOPLIST_FILE = StdServer.xcodeproj/StdSocket_Info.plist;
				LD_RUNPATH_SEARCH_PATHS = "$(TOOLCHAIN_DIR)/usr/lib/swift/macosx";
				OTHER_LDFLAGS = "$(inherited)";
				OTHER_SWIFT_FLAGS = "$(inherited)";
				PRODUCT_BUNDLE_IDENTIFIER = StdSocket;
				PRODUCT_MODULE_NAME = "$(TARGET_NAME:c99extidentifier)";
				PRODUCT_NAME = "$(TARGET_NAME:c99extidentifier)";
				SKIP_INSTALL = YES;
				TARGET_NAME = StdSocket;
			};
			name = Debug;
		};
		OBJ_58 /* Release */ = {
			isa = XCBuildConfiguration;
			buildSettings = {
				ENABLE_TESTABILITY = YES;
				FRAMEWORK_SEARCH_PATHS = (
					"$(inherited)",
					"$(PLATFORM_DIR)/Developer/Library/Frameworks",
				);
				HEADER_SEARCH_PATHS = "$(inherited)";
				INFOPLIST_FILE = StdServer.xcodeproj/StdSocket_Info.plist;
				LD_RUNPATH_SEARCH_PATHS = "$(TOOLCHAIN_DIR)/usr/lib/swift/macosx";
				OTHER_LDFLAGS = "$(inherited)";
				OTHER_SWIFT_FLAGS = "$(inherited)";
				PRODUCT_BUNDLE_IDENTIFIER = StdSocket;
				PRODUCT_MODULE_NAME = "$(TARGET_NAME:c99extidentifier)";
				PRODUCT_NAME = "$(TARGET_NAME:c99extidentifier)";
				SKIP_INSTALL = YES;
				TARGET_NAME = StdSocket;
			};
			name = Release;
		};
		OBJ_67 /* Debug */ = {
			isa = XCBuildConfiguration;
			buildSettings = {
				ENABLE_TESTABILITY = YES;
				FRAMEWORK_SEARCH_PATHS = (
					"$(inherited)",
					"$(PLATFORM_DIR)/Developer/Library/Frameworks",
				);
				HEADER_SEARCH_PATHS = "$(inherited)";
				INFOPLIST_FILE = StdServer.xcodeproj/StdServer_Info.plist;
				LD_RUNPATH_SEARCH_PATHS = "$(TOOLCHAIN_DIR)/usr/lib/swift/macosx";
				OTHER_LDFLAGS = "$(inherited)";
				OTHER_SWIFT_FLAGS = "$(inherited)";
				PRODUCT_BUNDLE_IDENTIFIER = StdServer;
				PRODUCT_MODULE_NAME = "$(TARGET_NAME:c99extidentifier)";
				PRODUCT_NAME = "$(TARGET_NAME:c99extidentifier)";
				SKIP_INSTALL = YES;
				TARGET_NAME = StdServer;
			};
			name = Debug;
		};
		OBJ_68 /* Release */ = {
			isa = XCBuildConfiguration;
			buildSettings = {
				ENABLE_TESTABILITY = YES;
				FRAMEWORK_SEARCH_PATHS = (
					"$(inherited)",
					"$(PLATFORM_DIR)/Developer/Library/Frameworks",
				);
				HEADER_SEARCH_PATHS = "$(inherited)";
				INFOPLIST_FILE = StdServer.xcodeproj/StdServer_Info.plist;
				LD_RUNPATH_SEARCH_PATHS = "$(TOOLCHAIN_DIR)/usr/lib/swift/macosx";
				OTHER_LDFLAGS = "$(inherited)";
				OTHER_SWIFT_FLAGS = "$(inherited)";
				PRODUCT_BUNDLE_IDENTIFIER = StdServer;
				PRODUCT_MODULE_NAME = "$(TARGET_NAME:c99extidentifier)";
				PRODUCT_NAME = "$(TARGET_NAME:c99extidentifier)";
				SKIP_INSTALL = YES;
				TARGET_NAME = StdServer;
			};
			name = Release;
		};
		OBJ_83 /* Debug */ = {
			isa = XCBuildConfiguration;
			buildSettings = {
				EMBEDDED_CONTENT_CONTAINS_SWIFT = YES;
				FRAMEWORK_SEARCH_PATHS = (
					"$(inherited)",
					"$(PLATFORM_DIR)/Developer/Library/Frameworks",
				);
				HEADER_SEARCH_PATHS = "$(inherited)";
				INFOPLIST_FILE = StdServer.xcodeproj/StdServerTests_Info.plist;
				LD_RUNPATH_SEARCH_PATHS = "@loader_path/../Frameworks @loader_path/Frameworks";
				OTHER_LDFLAGS = "$(inherited)";
				OTHER_SWIFT_FLAGS = "$(inherited)";
				TARGET_NAME = StdServerTests;
			};
			name = Debug;
		};
		OBJ_84 /* Release */ = {
			isa = XCBuildConfiguration;
			buildSettings = {
				EMBEDDED_CONTENT_CONTAINS_SWIFT = YES;
				FRAMEWORK_SEARCH_PATHS = (
					"$(inherited)",
					"$(PLATFORM_DIR)/Developer/Library/Frameworks",
				);
				HEADER_SEARCH_PATHS = "$(inherited)";
				INFOPLIST_FILE = StdServer.xcodeproj/StdServerTests_Info.plist;
				LD_RUNPATH_SEARCH_PATHS = "@loader_path/../Frameworks @loader_path/Frameworks";
				OTHER_LDFLAGS = "$(inherited)";
				OTHER_SWIFT_FLAGS = "$(inherited)";
				TARGET_NAME = StdServerTests;
			};
			name = Release;
		};
/* End XCBuildConfiguration section */

/* Begin XCConfigurationList section */
		OBJ_2 /* Build configuration list for PBXProject "StdServer" */ = {
			isa = XCConfigurationList;
			buildConfigurations = (
				OBJ_3 /* Debug */,
				OBJ_4 /* Release */,
			);
			defaultConfigurationIsVisible = 0;
			defaultConfigurationName = Debug;
		};
		OBJ_34 /* Build configuration list for PBXNativeTarget "DataStream" */ = {
			isa = XCConfigurationList;
			buildConfigurations = (
				OBJ_35 /* Debug */,
				OBJ_36 /* Release */,
			);
			defaultConfigurationIsVisible = 0;
			defaultConfigurationName = Debug;
		};
		OBJ_41 /* Build configuration list for PBXNativeTarget "DataBuffer" */ = {
			isa = XCConfigurationList;
			buildConfigurations = (
				OBJ_42 /* Debug */,
				OBJ_43 /* Release */,
			);
			defaultConfigurationIsVisible = 0;
			defaultConfigurationName = Debug;
		};
		OBJ_48 /* Build configuration list for PBXNativeTarget "Server" */ = {
			isa = XCConfigurationList;
			buildConfigurations = (
				OBJ_49 /* Debug */,
				OBJ_50 /* Release */,
			);
			defaultConfigurationIsVisible = 0;
			defaultConfigurationName = Debug;
		};
		OBJ_56 /* Build configuration list for PBXNativeTarget "StdSocket" */ = {
			isa = XCConfigurationList;
			buildConfigurations = (
				OBJ_57 /* Debug */,
				OBJ_58 /* Release */,
			);
			defaultConfigurationIsVisible = 0;
			defaultConfigurationName = Debug;
		};
		OBJ_66 /* Build configuration list for PBXNativeTarget "StdServer" */ = {
			isa = XCConfigurationList;
			buildConfigurations = (
				OBJ_67 /* Debug */,
				OBJ_68 /* Release */,
			);
			defaultConfigurationIsVisible = 0;
			defaultConfigurationName = Debug;
		};
		OBJ_82 /* Build configuration list for PBXNativeTarget "StdServerTests" */ = {
			isa = XCConfigurationList;
			buildConfigurations = (
				OBJ_83 /* Debug */,
				OBJ_84 /* Release */,
			);
			defaultConfigurationIsVisible = 0;
			defaultConfigurationName = Debug;
		};
/* End XCConfigurationList section */
	};
	rootObject = OBJ_1 /* Project object */;
}
